
Microsoft Visual Studio Solution File, Format Version 12.00
# Visual Studio Version 17
VisualStudioVersion = 17.0.32112.339
MinimumVisualStudioVersion = 10.0.40219.1
Project("{FAE04EC0-301F-11D3-BF4B-00C04F79EFBC}") = "AbbyWeb", "AbbyWeb\AbbyWeb.csproj", "{46AB8501-4156-4A04-A394-71495F460A3C}"
EndProject
Global
	GlobalSection(SolutionConfigurationPlatforms) = preSolution
		Debug|Any CPU = Debug|Any CPU
		Release|Any CPU = Release|Any CPU
	EndGlobalSection
	GlobalSection(ProjectConfigurationPlatforms) = postSolution
		{46AB8501-4156-4A04-A394-71495F460A3C}.Debug|Any CPU.ActiveCfg = Debug|Any CPU
		{46AB8501-4156-4A04-A394-71495F460A3C}.Debug|Any CPU.Build.0 = Debug|Any CPU
		{46AB8501-4156-4A04-A394-71495F460A3C}.Release|Any CPU.ActiveCfg = Release|Any CPU
		{46AB8501-4156-4A04-A394-71495F460A3C}.Release|Any CPU.Build.0 = Release|Any CPU
	EndGlobalSection
	GlobalSection(SolutionProperties) = preSolution
		HideSolutionNode = FALSE
	EndGlobalSection
	GlobalSection(ExtensibilityGlobals) = postSolution
		SolutionGuid = {1CA45249-3D7D-4CCE-AB19-D998A6F232B0}
	EndGlobalSection
EndGlobal
